<?xml version="1.0" encoding="UTF-8" standalone="yes" ?>
<CodeBlocks_project_file>
	<FileVersion major="1" minor="6" />
	<Project>
		<Option title="Compilerss" />
		<Option pch_mode="2" />
		<Option compiler="gcc" />
		<Build>
			<Target title="Debug">
				<Option output="bin/Debug/Compilerss" prefix_auto="1" extension_auto="1" />
				<Option object_output="obj/Debug/" />
				<Option type="1" />
				<Option compiler="gcc" />
				<Compiler>
					<Add option="-g" />
					<Add directory="include" />
					<Add directory="lexical/include" />
					<Add directory="parser" />
				</Compiler>
			</Target>
			<Target title="Release">
				<Option output="bin/Release/Compilerss" prefix_auto="1" extension_auto="1" />
				<Option object_output="obj/Release/" />
				<Option type="1" />
				<Option compiler="gcc" />
				<Compiler>
					<Add option="-O2" />
					<Add directory="include" />
					<Add directory="lexical/include" />
					<Add directory="parser" />
				</Compiler>
				<Linker>
					<Add option="-s" />
				</Linker>
			</Target>
		</Build>
		<Compiler>
			<Add option="-Wall" />
			<Add option="-fexceptions" />
		</Compiler>
		<Unit filename="lexical/include/LexicalAnalyzerGenerator.h" />
		<Unit filename="lexical/include/NFA.h" />
		<Unit filename="lexical/include/RegularParser.h" />
		<Unit filename="lexical/include/State.h" />
		<Unit filename="lexical/include/Token.h" />
		<Unit filename="lexical/include/conversionDfa.h" />
		<Unit filename="lexical/include/readFile.h" />
		<Unit filename="lexical/include/stringParsing.h" />
		<Unit filename="lexical/src/LexicalAnalyzerGenerator.cpp" />
		<Unit filename="lexical/src/NFA.cpp" />
		<Unit filename="lexical/src/RegularParser.cpp" />
		<Unit filename="lexical/src/State.cpp" />
		<Unit filename="lexical/src/Token.cpp" />
		<Unit filename="lexical/src/conversionDfa.cpp" />
		<Unit filename="lexical/src/readFile.cpp" />
		<Unit filename="lexical/src/stringParsing.cpp" />
		<Unit filename="main.cpp" />
		<Unit filename="parser/AnalyzeRules.cpp" />
		<Unit filename="parser/AnalyzeRules.h" />
		<Unit filename="parser/Parser.cpp" />
		<Unit filename="parser/Parser.h" />
		<Unit filename="parser/PredictiveTable.cpp" />
		<Unit filename="parser/PredictiveTable.h" />
		<Unit filename="parser/Production.cpp" />
		<Unit filename="parser/Production.h" />
		<Unit filename="parser/Rule.cpp" />
		<Unit filename="parser/Rule.h" />
		<Unit filename="parser/RuleComponent.cpp" />
		<Unit filename="parser/RuleComponent.h" />
		<Unit filename="parser/Rules.cpp" />
		<Unit filename="parser/Rules.h" />
		<Extensions>
			<code_completion />
			<envvars />
			<debugger />
			<lib_finder disable_auto="1" />
		</Extensions>
	</Project>
</CodeBlocks_project_file>
